
Microsoft Visual Studio Solution File, Format Version 12.00
# Visual Studio Version 17
VisualStudioVersion = 17.1.32210.238
MinimumVisualStudioVersion = 10.0.40219.1
Project("{FAE04EC0-301F-11D3-BF4B-00C04F79EFBC}") = "CQRS_MediatRUsage.DataAccess", "CQRS_MediatRUsage.DataAccess\CQRS_MediatRUsage.DataAccess.csproj", "{298C8675-6300-4166-B429-11BE220B36C0}"
EndProject
Project("{FAE04EC0-301F-11D3-BF4B-00C04F79EFBC}") = "CQRS_MediatRUsage.Entities", "CQRS_MediatRUsage.Entities\CQRS_MediatRUsage.Entities.csproj", "{A74DFB82-71DC-442E-87B7-B023FF550BAA}"
EndProject
Project("{FAE04EC0-301F-11D3-BF4B-00C04F79EFBC}") = "CQRS_MediatRUsage.API", "CQRS_MediatRUsage.API\CQRS_MediatRUsage.API.csproj", "{6A37E36F-3E99-4688-8AAA-4A1A33C68157}"
EndProject
Global
	GlobalSection(SolutionConfigurationPlatforms) = preSolution
		Debug|Any CPU = Debug|Any CPU
		Release|Any CPU = Release|Any CPU
	EndGlobalSection
	GlobalSection(ProjectConfigurationPlatforms) = postSolution
		{298C8675-6300-4166-B429-11BE220B36C0}.Debug|Any CPU.ActiveCfg = Debug|Any CPU
		{298C8675-6300-4166-B429-11BE220B36C0}.Debug|Any CPU.Build.0 = Debug|Any CPU
		{298C8675-6300-4166-B429-11BE220B36C0}.Release|Any CPU.ActiveCfg = Release|Any CPU
		{298C8675-6300-4166-B429-11BE220B36C0}.Release|Any CPU.Build.0 = Release|Any CPU
		{A74DFB82-71DC-442E-87B7-B023FF550BAA}.Debug|Any CPU.ActiveCfg = Debug|Any CPU
		{A74DFB82-71DC-442E-87B7-B023FF550BAA}.Debug|Any CPU.Build.0 = Debug|Any CPU
		{A74DFB82-71DC-442E-87B7-B023FF550BAA}.Release|Any CPU.ActiveCfg = Release|Any CPU
		{A74DFB82-71DC-442E-87B7-B023FF550BAA}.Release|Any CPU.Build.0 = Release|Any CPU
		{6A37E36F-3E99-4688-8AAA-4A1A33C68157}.Debug|Any CPU.ActiveCfg = Debug|Any CPU
		{6A37E36F-3E99-4688-8AAA-4A1A33C68157}.Debug|Any CPU.Build.0 = Debug|Any CPU
		{6A37E36F-3E99-4688-8AAA-4A1A33C68157}.Release|Any CPU.ActiveCfg = Release|Any CPU
		{6A37E36F-3E99-4688-8AAA-4A1A33C68157}.Release|Any CPU.Build.0 = Release|Any CPU
	EndGlobalSection
	GlobalSection(SolutionProperties) = preSolution
		HideSolutionNode = FALSE
	EndGlobalSection
	GlobalSection(ExtensibilityGlobals) = postSolution
		SolutionGuid = {7E5C86FD-A98A-40A3-8A10-0DEC11CED759}
	EndGlobalSection
EndGlobal
